# THIS IS AN AUTOGENERATED FILE. DO NOT EDIT THIS FILE DIRECTLY.
# yarn lockfile v1


chrono-node@^1.4.6:
  version "1.4.6"
  resolved "https://registry.yarnpkg.com/chrono-node/-/chrono-node-1.4.6.tgz#dcdc59f1cc80e65d8f6c977bd6ad4e9b82008a8e"
  integrity sha512-CBUbwkj2gRdCSacmJ4UvKOSsSjW5jWce3kiruZSMgmGf7FKwc2ERat32yPSqJDR8aDeA0lUJxiDzZRhXZmXBqw==
  dependencies:
    dayjs "^1.8.19"

dayjs@^1.8.19:
  version "1.8.25"
  resolved "https://registry.yarnpkg.com/dayjs/-/dayjs-1.8.25.tgz#d09a8696cee7191bc1289e739f96626391b9c73c"
  integrity sha512-Pk36juDfQQGDCgr0Lqd1kw15w3OS6xt21JaLPE3lCfsEf8KrERGwDNwvK1tRjrjqFC0uZBJncT4smZQ4F+uV5g==
